
Microsoft Visual Studio Solution File, Format Version 12.00
# Visual Studio Version 17
VisualStudioVersion = 17.11.35327.3
MinimumVisualStudioVersion = 10.0.40219.1
Project("{FAE04EC0-301F-11D3-BF4B-00C04F79EFBC}") = "PlaywriteTests", "PlaywriteTests\PlaywriteTests.csproj", "{4AC013A7-DF8D-4396-9D7D-2A7AE1382C10}"
EndProject
Global
	GlobalSection(SolutionConfigurationPlatforms) = preSolution
		Debug|Any CPU = Debug|Any CPU
		Release|Any CPU = Release|Any CPU
	EndGlobalSection
	GlobalSection(ProjectConfigurationPlatforms) = postSolution
		{4AC013A7-DF8D-4396-9D7D-2A7AE1382C10}.Debug|Any CPU.ActiveCfg = Debug|Any CPU
		{4AC013A7-DF8D-4396-9D7D-2A7AE1382C10}.Debug|Any CPU.Build.0 = Debug|Any CPU
		{4AC013A7-DF8D-4396-9D7D-2A7AE1382C10}.Release|Any CPU.ActiveCfg = Release|Any CPU
		{4AC013A7-DF8D-4396-9D7D-2A7AE1382C10}.Release|Any CPU.Build.0 = Release|Any CPU
	EndGlobalSection
	GlobalSection(SolutionProperties) = preSolution
		HideSolutionNode = FALSE
	EndGlobalSection
	GlobalSection(ExtensibilityGlobals) = postSolution
		SolutionGuid = {1355F6F3-5A31-4425-903D-CFD925298A21}
	EndGlobalSection
EndGlobal
